
Microsoft Visual Studio Solution File, Format Version 12.00
# Visual Studio Version 16
VisualStudioVersion = 16.0.30114.105
MinimumVisualStudioVersion = 10.0.40219.1
Project("{FAE04EC0-301F-11D3-BF4B-00C04F79EFBC}") = "SmartViceDev", "SmartViceDev.csproj", "{93776980-266A-48D0-BD20-1012B2D9B505}"
EndProject
Global
	GlobalSection(SolutionConfigurationPlatforms) = preSolution
		Debug|Any CPU = Debug|Any CPU
		Release|Any CPU = Release|Any CPU
	EndGlobalSection
	GlobalSection(ProjectConfigurationPlatforms) = postSolution
		{93776980-266A-48D0-BD20-1012B2D9B505}.Debug|Any CPU.ActiveCfg = Debug|Any CPU
		{93776980-266A-48D0-BD20-1012B2D9B505}.Debug|Any CPU.Build.0 = Debug|Any CPU
		{93776980-266A-48D0-BD20-1012B2D9B505}.Release|Any CPU.ActiveCfg = Release|Any CPU
		{93776980-266A-48D0-BD20-1012B2D9B505}.Release|Any CPU.Build.0 = Release|Any CPU
	EndGlobalSection
	GlobalSection(SolutionProperties) = preSolution
		HideSolutionNode = FALSE
	EndGlobalSection
	GlobalSection(ExtensibilityGlobals) = postSolution
		SolutionGuid = {AE9BA544-5FFA-4E12-BBA4-FB6479C19E7F}
	EndGlobalSection
EndGlobal
